
Microsoft Visual Studio Solution File, Format Version 12.00
# Visual Studio Version 17
VisualStudioVersion = 17.4.33403.182
MinimumVisualStudioVersion = 10.0.40219.1
Project("{FAE04EC0-301F-11D3-BF4B-00C04F79EFBC}") = "jeuxVedio", "jeuxVedio.csproj", "{F29919AE-898D-427B-8CB3-A3577F7BD2E8}"
EndProject
Global
	GlobalSection(SolutionConfigurationPlatforms) = preSolution
		Debug|Any CPU = Debug|Any CPU
		Release|Any CPU = Release|Any CPU
	EndGlobalSection
	GlobalSection(ProjectConfigurationPlatforms) = postSolution
		{F29919AE-898D-427B-8CB3-A3577F7BD2E8}.Debug|Any CPU.ActiveCfg = Debug|Any CPU
		{F29919AE-898D-427B-8CB3-A3577F7BD2E8}.Debug|Any CPU.Build.0 = Debug|Any CPU
		{F29919AE-898D-427B-8CB3-A3577F7BD2E8}.Release|Any CPU.ActiveCfg = Release|Any CPU
		{F29919AE-898D-427B-8CB3-A3577F7BD2E8}.Release|Any CPU.Build.0 = Release|Any CPU
	EndGlobalSection
	GlobalSection(SolutionProperties) = preSolution
		HideSolutionNode = FALSE
	EndGlobalSection
	GlobalSection(ExtensibilityGlobals) = postSolution
		SolutionGuid = {D6CCC150-D04D-494C-9047-8BFECD8B37FD}
	EndGlobalSection
EndGlobal
